lockfileVersion: '9.0'

settings:
  autoInstallPeers: true
  excludeLinksFromLockfile: false

importers:

  .:
    dependencies:
      react-hook-form:
        specifier: ^7.59.0
        version: 7.59.0(react@19.1.0)
      sonner:
        specifier: ^2.0.5
        version: 2.0.5(react-dom@19.1.0(react@19.1.0))(react@19.1.0)
      zod:
        specifier: link:@hookform/resolvers/zod
        version: link:@hookform/resolvers/zod

packages:

  react-dom@19.1.0:
    resolution: {integrity: sha512-Xs1hdnE+DyKgeHJeJznQmYMIBG3TKIHJJT95Q58nHLSrElKlGQqDTR2HQ9fx5CN/Gk6Vh/kupBTDLU11/nDk/g==}
    peerDependencies:
      react: ^19.1.0

  react-hook-form@7.59.0:
    resolution: {integrity: sha512-kmkek2/8grqarTJExFNjy+RXDIP8yM+QTl3QL6m6Q8b2bih4ltmiXxH7T9n+yXNK477xPh5yZT/6vD8sYGzJTA==}
    engines: {node: '>=18.0.0'}
    peerDependencies:
      react: ^16.8.0 || ^17 || ^18 || ^19

  react@19.1.0:
    resolution: {integrity: sha512-FS+XFBNvn3GTAWq26joslQgWNoFu08F4kl0J4CgdNKADkdSGXQyTCnKteIAJy96Br6YbpEU1LSzV5dYtjMkMDg==}
    engines: {node: '>=0.10.0'}

  scheduler@0.26.0:
    resolution: {integrity: sha512-NlHwttCI/l5gCPR3D1nNXtWABUmBwvZpEQiD4IXSbIDq8BzLIK/7Ir5gTFSGZDUu37K5cMNp0hFtzO38sC7gWA==}

  sonner@2.0.5:
    resolution: {integrity: sha512-YwbHQO6cSso3HBXlbCkgrgzDNIhws14r4MO87Ofy+cV2X7ES4pOoAK3+veSmVTvqNx1BWUxlhPmZzP00Crk2aQ==}
    peerDependencies:
      react: ^18.0.0 || ^19.0.0 || ^19.0.0-rc
      react-dom: ^18.0.0 || ^19.0.0 || ^19.0.0-rc

snapshots:

  react-dom@19.1.0(react@19.1.0):
    dependencies:
      react: 19.1.0
      scheduler: 0.26.0

  react-hook-form@7.59.0(react@19.1.0):
    dependencies:
      react: 19.1.0

  react@19.1.0: {}

  scheduler@0.26.0: {}

  sonner@2.0.5(react-dom@19.1.0(react@19.1.0))(react@19.1.0):
    dependencies:
      react: 19.1.0
      react-dom: 19.1.0(react@19.1.0)
